---
definitions:
  config:
    /hst:hst/hst:configurations/common/hst:workspace/hst:containers/nhsd-coronavirus/main/navigationBlock:
      .meta:order-before: caseStudy
      hst:componentclassname: uk.nhs.digital.common.components.NavigationBlockComponent
      hst:label: Navigation Block
      hst:parameternames:
      - document4
      - size
      - document3
      - heading
      - com.onehippo.cms7.targeting.TargetingParameterUtil.hide
      - document6
      - document5
      - document2
      - theme
      - document1
      - position
      hst:parametervalues:
      - ''
      - large
      - ''
      - ''
      - 'off'
      - ''
      - ''
      - cta/cta---right
      - colourful
      - cta/cta---left
      - bottom-left
      hst:template: navigationBlock
      hst:xtype: hst.item
      jcr:primaryType: hst:containeritemcomponent
